
Microsoft Visual Studio Solution File, Format Version 12.00
# Visual Studio Version 17
VisualStudioVersion = 17.7.34221.43
MinimumVisualStudioVersion = 10.0.40219.1
Project("{9A19103F-16F7-4668-BE54-9A1E7A4F7556}") = "TodoList", "TodoList.csproj", "{A37FAE9A-D0F7-4A4F-B452-7B391FAEB622}"
EndProject
Project("{FAE04EC0-301F-11D3-BF4B-00C04F79EFBC}") = "Calculator", "..\Calculator\Calculator.csproj", "{C6062FFF-1A97-4DED-B756-DDD4C44B8E54}"
EndProject
Global
	GlobalSection(SolutionConfigurationPlatforms) = preSolution
		Debug|Any CPU = Debug|Any CPU
		Release|Any CPU = Release|Any CPU
	EndGlobalSection
	GlobalSection(ProjectConfigurationPlatforms) = postSolution
		{A37FAE9A-D0F7-4A4F-B452-7B391FAEB622}.Debug|Any CPU.ActiveCfg = Debug|Any CPU
		{A37FAE9A-D0F7-4A4F-B452-7B391FAEB622}.Debug|Any CPU.Build.0 = Debug|Any CPU
		{A37FAE9A-D0F7-4A4F-B452-7B391FAEB622}.Release|Any CPU.ActiveCfg = Release|Any CPU
		{A37FAE9A-D0F7-4A4F-B452-7B391FAEB622}.Release|Any CPU.Build.0 = Release|Any CPU
		{C6062FFF-1A97-4DED-B756-DDD4C44B8E54}.Debug|Any CPU.ActiveCfg = Debug|Any CPU
		{C6062FFF-1A97-4DED-B756-DDD4C44B8E54}.Debug|Any CPU.Build.0 = Debug|Any CPU
		{C6062FFF-1A97-4DED-B756-DDD4C44B8E54}.Release|Any CPU.ActiveCfg = Release|Any CPU
		{C6062FFF-1A97-4DED-B756-DDD4C44B8E54}.Release|Any CPU.Build.0 = Release|Any CPU
	EndGlobalSection
	GlobalSection(SolutionProperties) = preSolution
		HideSolutionNode = FALSE
	EndGlobalSection
	GlobalSection(ExtensibilityGlobals) = postSolution
		SolutionGuid = {917CA99A-6598-497C-B5F3-A357862932D7}
	EndGlobalSection
EndGlobal
